{
  "name": "malta-coffeescript",
  "version": "1.0.3",
  "lockfileVersion": 1,
  "requires": true,
  "dependencies": {
    "childprocess": {
      "version": "2.0.2",
      "resolved": "https://registry.npmjs.org/childprocess/-/childprocess-2.0.2.tgz",
      "integrity": "sha1-PWhJKXSLHhPoUhz2Gb3lRA3oXrQ=",
      "requires": {
        "utility": "~1.6.0"
      }
    },
    "coffee": {
      "version": "3.3.3",
      "resolved": "https://registry.npmjs.org/coffee/-/coffee-3.3.3.tgz",
      "integrity": "sha512-XjV8yuXKAa7H+DrW9GyTHcOgbhEfi884b1nTuioqAyTX3OiBNsToNFTqXNF6VvL/WNBG8LQZAKyF1uvEQ0jyMA==",
      "requires": {
        "childprocess": "^2.0.2",
        "debug": "^2.6.8"
      }
    },
    "copy-to": {
      "version": "2.0.1",
      "resolved": "https://registry.npmjs.org/copy-to/-/copy-to-2.0.1.tgz",
      "integrity": "sha1-JoD7uAaKSNCGVrYJgJK9r8kG9KU="
    },
    "debug": {
      "version": "2.6.9",
      "resolved": "https://registry.npmjs.org/debug/-/debug-2.6.9.tgz",
      "integrity": "sha512-bC7ElrdJaJnPbAP+1EotYvqZsb3ecl5wi6Bfi6BJTUcNowp6cvspg0jXznRTKDjm/E7AdgFBVeAPVMNcKGsHMA==",
      "requires": {
        "ms": "2.0.0"
      }
    },
    "escape-html": {
      "version": "1.0.3",
      "resolved": "https://registry.npmjs.org/escape-html/-/escape-html-1.0.3.tgz",
      "integrity": "sha1-Aljq5NPQwJdN4cFpGI7wBR0dGYg="
    },
    "malta": {
      "version": "3.8.14",
      "resolved": "https://registry.npmjs.org/malta/-/malta-3.8.14.tgz",
      "integrity": "sha512-4U1+AxKvbj9eM6qfPwPRZ2jrVKQNyJab3/YX4vG4AM3Eu/+6y5pLasa3WSNLczYa3DE23hF3xT+2bs5V5kVXoQ=="
    },
    "ms": {
      "version": "2.0.0",
      "resolved": "https://registry.npmjs.org/ms/-/ms-2.0.0.tgz",
      "integrity": "sha1-VgiurfwAvmwpAd9fmGF4jeDVl8g="
    },
    "utility": {
      "version": "1.6.0",
      "resolved": "http://registry.npmjs.org/utility/-/utility-1.6.0.tgz",
      "integrity": "sha1-5b+2p4Opw5K5/nD+RcZ/wkQFx+k=",
      "requires": {
        "copy-to": "~2.0.1",
        "escape-html": "~1.0.3"
      }
    }
  }
}
